{
  "name": "netshop",
  "version": "1.0.0",
  "lockfileVersion": 1,
  "requires": true,
  "dependencies": {
    "react-google-charts": {
      "version": "4.0.0",
      "resolved": "https://registry.npmjs.org/react-google-charts/-/react-google-charts-4.0.0.tgz",
      "integrity": "sha512-9OG0EkBb9JerKEPQYdhmAXnhGLzOdOHOPS9j7l+P1a3z1kcmq9mGDa7PUoX/VQUY4IjZl2/81nsO4o+1cuYsuw=="
    }
  }
}
